{
  "version": 4,
  "terraform_version": "1.6.6",
  "serial": 36,
  "lineage": "0b3112cf-c6be-e966-fdc2-721197a3cd57",
  "outputs": {
    "list_variable_output": {
      "value": [
        "sameeksha",
        "prachi",
        "harsh",
        "srishti",
        "karan",
        "aneesh",
        "suraj"
      ],
      "type": [
        "list",
        "string"
      ]
    },
    "map_variable_output": {
      "value": {
        "aneesh": 93,
        "harsh": 90,
        "sameeksha": 92,
        "shreya": 95
      },
      "type": [
        "map",
        "number"
      ]
    },
    "number_variable_output": {
      "value": 7,
      "type": "number"
    },
    "object_variable_output": {
      "value": {
        "age": 21,
        "grade": 95,
        "name": "shreya"
      },
      "type": [
        "object",
        {
          "age": "number",
          "grade": "number",
          "name": "string"
        }
      ]
    },
    "password_output": {
      "value": "m()aDzbx_daGz+Bu",
      "type": "string",
      "sensitive": true
    },
    "random_bytes_output": {
      "value": {
        "base64": "YeYDpit67RoFC/liRuiRVlIcHWz8B/5H+tOquMHlyN/cTWr5Wf+eCeDCd+g8abxXd1BdStPe98ECAehw3p7oSw==",
        "hex": "61e603a62b7aed1a050bf96246e89156521c1d6cfc07fe47fad3aab8c1e5c8dfdc4d6af959ff9e09e0c277e83c69bc5777505d4ad3def7c10201e870de9ee84b",
        "keepers": null,
        "length": 64
      },
      "type": [
        "object",
        {
          "base64": "string",
          "hex": "string",
          "keepers": [
            "map",
            "string"
          ],
          "length": "number"
        }
      ],
      "sensitive": true
    },
    "random_id_output": {
      "value": "zUqSyg",
      "type": "string"
    },
    "random_output": {
      "value": "cd4a92ca",
      "type": "string"
    },
    "random_shuffle_output": {
      "value": {
        "id": "-",
        "input": [
          "us-west-1a",
          "us-west-1c",
          "us-west-1d",
          "us-west-1e"
        ],
        "keepers": null,
        "result": [
          "us-west-1c",
          "us-west-1e"
        ],
        "result_count": 2,
        "seed": null
      },
      "type": [
        "object",
        {
          "id": "string",
          "input": [
            "list",
            "string"
          ],
          "keepers": [
            "map",
            "string"
          ],
          "result": [
            "list",
            "string"
          ],
          "result_count": "number",
          "seed": "string"
        }
      ]
    },
    "random_string_output": {
      "value": {
        "id": "24Ul/eZ7OW//UdMD",
        "keepers": null,
        "length": 16,
        "lower": true,
        "min_lower": 0,
        "min_numeric": 0,
        "min_special": 0,
        "min_upper": 0,
        "number": true,
        "numeric": true,
        "override_special": "/@£$",
        "result": "24Ul/eZ7OW//UdMD",
        "special": true,
        "upper": true
      },
      "type": [
        "object",
        {
          "id": "string",
          "keepers": [
            "map",
            "string"
          ],
          "length": "number",
          "lower": "bool",
          "min_lower": "number",
          "min_numeric": "number",
          "min_special": "number",
          "min_upper": "number",
          "number": "bool",
          "numeric": "bool",
          "override_special": "string",
          "result": "string",
          "special": "bool",
          "upper": "bool"
        }
      ]
    },
    "string_variable_output": {
      "value": "Foo! this is directory 1, and we created a file in this folder",
      "type": "string"
    }
  },
  "resources": [
    {
      "mode": "managed",
      "type": "local_file",
      "name": "list_variable_file",
      "provider": "provider[\"registry.terraform.io/hashicorp/local\"]",
      "instances": [
        {
          "schema_version": 0,
          "attributes": {
            "content": "sameeksha\nprachi\nharsh\nsrishti\nkaran\naneesh\nsuraj",
            "content_base64": null,
            "content_base64sha256": "D/NXc9U2kj87A8O5tzixTy8uVuYTmKa8mmMr8JEQbUA=",
            "content_base64sha512": "QnSNEZNag7fdCh2nWFMmTthE/hWK65vrahouuLcdcZlgSiSCT5P+lh1O4SMEOfu0lppZ6yHizlI0Z6Ji9TDLjg==",
            "content_md5": "8d4424e6758cb710622b29fbe38ef9d9",
            "content_sha1": "fb658b59647438d2b471fe000a72c5abbe776337",
            "content_sha256": "0ff35773d536923f3b03c3b9b738b14f2f2e56e61398a6bc9a632bf091106d40",
            "content_sha512": "42748d11935a83b7dd0a1da75853264ed844fe158aeb9beb6a1a2eb8b71d7199604a24824f93fe961d4ee1230439fbb4969a59eb21e2ce523467a262f530cb8e",
            "directory_permission": "0777",
            "file_permission": "0777",
            "filename": "./2/sub2/list_variable.txt",
            "id": "fb658b59647438d2b471fe000a72c5abbe776337",
            "sensitive_content": null,
            "source": null
          },
          "sensitive_attributes": []
        }
      ]
    },
    {
      "mode": "managed",
      "type": "local_file",
      "name": "map_variable_file",
      "provider": "provider[\"registry.terraform.io/hashicorp/local\"]",
      "instances": [
        {
          "schema_version": 0,
          "attributes": {
            "content": "{\"aneesh\":93,\"harsh\":90,\"sameeksha\":92,\"shreya\":95}",
            "content_base64": null,
            "content_base64sha256": "dqgBHYXpOc1BrhotDTuQNJDPQdI6jIqD/Exsq1rCtTs=",
            "content_base64sha512": "XmkB2Lzi9Xrx8DaRdtPbc3XRIE/IgdSMAx3IZqj3vE+L/aZBjEY7zLnm/vhe4ARbBbEccfUV3EhZ5HQpCYAkjw==",
            "content_md5": "6aa50ff3b8f2e1ff6a8333adb60b26a3",
            "content_sha1": "1595be08f186914baed4acc496bfa44ab08908d6",
            "content_sha256": "76a8011d85e939cd41ae1a2d0d3b903490cf41d23a8c8a83fc4c6cab5ac2b53b",
            "content_sha512": "5e6901d8bce2f57af1f0369176d3db7375d1204fc881d48c031dc866a8f7bc4f8bfda6418c463bccb9e6fef85ee0045b05b11c71f515dc4859e474290980248f",
            "directory_permission": "0777",
            "file_permission": "0777",
            "filename": "./3/sub3/subsub3/map_variable.txt",
            "id": "1595be08f186914baed4acc496bfa44ab08908d6",
            "sensitive_content": null,
            "source": null
          },
          "sensitive_attributes": []
        }
      ]
    },
    {
      "mode": "managed",
      "type": "local_file",
      "name": "number_file",
      "provider": "provider[\"registry.terraform.io/hashicorp/local\"]",
      "instances": [
        {
          "schema_version": 0,
          "attributes": {
            "content": "7",
            "content_base64": null,
            "content_base64sha256": "eQJpm+Qsio5G+7tFAXJlF+hrIsVqGJ92JabaSQgbJFE=",
            "content_base64sha512": "8FIQxbQmPw7Ew5lb2rRY2B05U/NUqRCVIPFZ2x6IALzUW5fFbc6QofwnqwPguKmvhnN0cCPEBimTdBFtb5ZpgQ==",
            "content_md5": "8f14e45fceea167a5a36dedd4bea2543",
            "content_sha1": "902ba3cda1883801594b6e1b452790cc53948fda",
            "content_sha256": "7902699be42c8a8e46fbbb4501726517e86b22c56a189f7625a6da49081b2451",
            "content_sha512": "f05210c5b4263f0ec4c3995bdab458d81d3953f354a9109520f159db1e8800bcd45b97c56dce90a1fc27ab03e0b8a9af8673747023c406299374116d6f966981",
            "directory_permission": "0777",
            "file_permission": "0777",
            "filename": "./1/number_variable.txt",
            "id": "902ba3cda1883801594b6e1b452790cc53948fda",
            "sensitive_content": null,
            "source": null
          },
          "sensitive_attributes": []
        }
      ]
    },
    {
      "mode": "managed",
      "type": "local_file",
      "name": "object_variable_file",
      "provider": "provider[\"registry.terraform.io/hashicorp/local\"]",
      "instances": [
        {
          "schema_version": 0,
          "attributes": {
            "content": "{\"age\":21,\"grade\":95,\"name\":\"shreya\"}",
            "content_base64": null,
            "content_base64sha256": "s/7dt0GpvZ0+E7/LYfl7wP4mSleRuOXnF+17ULphsQo=",
            "content_base64sha512": "ufip9Pivs+91pZv6vpgLrMd0VEJD/JMTZ6YLJ4hj2D4NEsmE8iFYOvVnV26x72ChAzB7wrev2PFtHZ9zvhm4Aw==",
            "content_md5": "f504c9ecce9d7ee605385c242096e5d0",
            "content_sha1": "6a66e0b9e32076a4d676533a10f697e637d972ab",
            "content_sha256": "b3feddb741a9bd9d3e13bfcb61f97bc0fe264a5791b8e5e717ed7b50ba61b10a",
            "content_sha512": "b9f8a9f4f8afb3ef75a59bfabe980bacc774544243fc931367a60b278863d83e0d12c984f221583af567576eb1ef60a103307bc2b7afd8f16d1d9f73be19b803",
            "directory_permission": "0777",
            "file_permission": "0777",
            "filename": "./1/object_variable.txt",
            "id": "6a66e0b9e32076a4d676533a10f697e637d972ab",
            "sensitive_content": null,
            "source": null
          },
          "sensitive_attributes": []
        }
      ]
    },
    {
      "mode": "managed",
      "type": "local_file",
      "name": "text_file1",
      "provider": "provider[\"registry.terraform.io/hashicorp/local\"]",
      "instances": [
        {
          "schema_version": 0,
          "attributes": {
            "content": "Foo! this is directory 1, and we created a file in this folder",
            "content_base64": null,
            "content_base64sha256": "FIZTw34z/KtcJ+EDLeqEiI3ggIHXtQ34TPFobz7NvrQ=",
            "content_base64sha512": "r1KR7jYdKKp9d4tgCueW92AZS2ejZfFONIO3/3OyWhm0Eoc0Oj6YkSGXvar4eMpVEevzOntLMCyWllSR5L2CjQ==",
            "content_md5": "dc76f63855586e9f3efccc0db94c1362",
            "content_sha1": "8506fa42388cc4695a35e0df23d7a6a056cca217",
            "content_sha256": "148653c37e33fcab5c27e1032dea84888de08081d7b50df84cf1686f3ecdbeb4",
            "content_sha512": "af5291ee361d28aa7d778b600ae796f760194b67a365f14e3483b7ff73b25a19b41287343a3e98912197bdaaf878ca5511ebf33a7b4b302c96965491e4bd828d",
            "directory_permission": "0777",
            "file_permission": "0777",
            "filename": "./1/foo.bar",
            "id": "8506fa42388cc4695a35e0df23d7a6a056cca217",
            "sensitive_content": null,
            "source": null
          },
          "sensitive_attributes": []
        }
      ]
    },
    {
      "mode": "managed",
      "type": "local_file",
      "name": "text_file2",
      "provider": "provider[\"registry.terraform.io/hashicorp/local\"]",
      "instances": [
        {
          "schema_version": 0,
          "attributes": {
            "content": "Foo! this is subdirectory of 2, and we creates a file in this folder",
            "content_base64": null,
            "content_base64sha256": "LAkMyoPSsw7AsHhdJTOtqn55uWN8K/XbA5E0RnJz9y4=",
            "content_base64sha512": "v/b7a5d0VNdB0hBfCyESto3LgJueAldRBqMhDZr+CDDrc65GLEiNTAjsmzKRSNl/gNg1oVrQ8/zZYMtkPJKXoQ==",
            "content_md5": "ade637764bcff15c426f34adede58acb",
            "content_sha1": "8414e42335c194833fb18f23c7d36109d6232635",
            "content_sha256": "2c090cca83d2b30ec0b0785d2533adaa7e79b9637c2bf5db039134467273f72e",
            "content_sha512": "bff6fb6b977454d741d2105f0b2112b68dcb809b9e02575106a3210d9afe0830eb73ae462c488d4c08ec9b329148d97f80d835a15ad0f3fcd960cb643c9297a1",
            "directory_permission": "0777",
            "file_permission": "0777",
            "filename": "./2/sub2/foo.bar",
            "id": "8414e42335c194833fb18f23c7d36109d6232635",
            "sensitive_content": null,
            "source": null
          },
          "sensitive_attributes": []
        }
      ]
    },
    {
      "mode": "managed",
      "type": "local_file",
      "name": "text_file3",
      "provider": "provider[\"registry.terraform.io/hashicorp/local\"]",
      "instances": [
        {
          "schema_version": 0,
          "attributes": {
            "content": "Foo! this is sub directory of sub directory 3, and we created a file in this folder",
            "content_base64": null,
            "content_base64sha256": "x9ezbMchTwqWrg7t3GvDQwvI0+LbaHNtVQHgeXNbtHc=",
            "content_base64sha512": "ZXJ5llelxEB6EbJyjximjWT/RCzk0Czv/A9n2gToMEx1fZFM+WWsgeUJOYOjSYukNg3b0o1vPDKXAbUTbTTvOA==",
            "content_md5": "82df9afbe2b3463c9b2ae99bfeaadc70",
            "content_sha1": "4a5e01fbbecc5c5c9f7cf05520432f3b655d26d5",
            "content_sha256": "c7d7b36cc7214f0a96ae0eeddc6bc3430bc8d3e2db68736d5501e079735bb477",
            "content_sha512": "6572799657a5c4407a11b2728f18a68d64ff442ce4d02ceffc0f67da04e8304c757d914cf965ac81e5093983a3498ba4360ddbd28d6f3c329701b5136d34ef38",
            "directory_permission": "0777",
            "file_permission": "0777",
            "filename": "./3/sub3/subsub3/foo.txt",
            "id": "4a5e01fbbecc5c5c9f7cf05520432f3b655d26d5",
            "sensitive_content": null,
            "source": null
          },
          "sensitive_attributes": []
        }
      ]
    },
    {
      "mode": "managed",
      "type": "random_bytes",
      "name": "jwt_secret",
      "provider": "provider[\"registry.terraform.io/hashicorp/random\"]",
      "instances": [
        {
          "schema_version": 0,
          "attributes": {
            "base64": "YeYDpit67RoFC/liRuiRVlIcHWz8B/5H+tOquMHlyN/cTWr5Wf+eCeDCd+g8abxXd1BdStPe98ECAehw3p7oSw==",
            "hex": "61e603a62b7aed1a050bf96246e89156521c1d6cfc07fe47fad3aab8c1e5c8dfdc4d6af959ff9e09e0c277e83c69bc5777505d4ad3def7c10201e870de9ee84b",
            "keepers": null,
            "length": 64
          },
          "sensitive_attributes": []
        }
      ]
    },
    {
      "mode": "managed",
      "type": "random_id",
      "name": "random_shreya",
      "provider": "provider[\"registry.terraform.io/hashicorp/random\"]",
      "instances": [
        {
          "schema_version": 0,
          "attributes": {
            "b64_std": "zUqSyg==",
            "b64_url": "zUqSyg",
            "byte_length": 4,
            "dec": "3444216522",
            "hex": "cd4a92ca",
            "id": "zUqSyg",
            "keepers": null,
            "prefix": null
          },
          "sensitive_attributes": []
        }
      ]
    },
    {
      "mode": "managed",
      "type": "random_password",
      "name": "password",
      "provider": "provider[\"registry.terraform.io/hashicorp/random\"]",
      "instances": [
        {
          "schema_version": 3,
          "attributes": {
            "bcrypt_hash": "$2a$10$4MlkcG6oXtCZ/KZ1tO8lnuKgLrT4Ep7ZE6uGGR995BUaDEC6T22/W",
            "id": "none",
            "keepers": null,
            "length": 16,
            "lower": true,
            "min_lower": 0,
            "min_numeric": 0,
            "min_special": 0,
            "min_upper": 0,
            "number": true,
            "numeric": true,
            "override_special": "!#$%\u0026*()-_=+[]{}\u003c\u003e:?",
            "result": "m()aDzbx_daGz+Bu",
            "special": true,
            "upper": true
          },
          "sensitive_attributes": []
        }
      ]
    },
    {
      "mode": "managed",
      "type": "random_shuffle",
      "name": "az",
      "provider": "provider[\"registry.terraform.io/hashicorp/random\"]",
      "instances": [
        {
          "schema_version": 0,
          "attributes": {
            "id": "-",
            "input": [
              "us-west-1a",
              "us-west-1c",
              "us-west-1d",
              "us-west-1e"
            ],
            "keepers": null,
            "result": [
              "us-west-1c",
              "us-west-1e"
            ],
            "result_count": 2,
            "seed": null
          },
          "sensitive_attributes": []
        }
      ]
    },
    {
      "mode": "managed",
      "type": "random_string",
      "name": "random",
      "provider": "provider[\"registry.terraform.io/hashicorp/random\"]",
      "instances": [
        {
          "schema_version": 2,
          "attributes": {
            "id": "24Ul/eZ7OW//UdMD",
            "keepers": null,
            "length": 16,
            "lower": true,
            "min_lower": 0,
            "min_numeric": 0,
            "min_special": 0,
            "min_upper": 0,
            "number": true,
            "numeric": true,
            "override_special": "/@£$",
            "result": "24Ul/eZ7OW//UdMD",
            "special": true,
            "upper": true
          },
          "sensitive_attributes": []
        }
      ]
    },
    {
      "mode": "managed",
      "type": "random_uuid",
      "name": "test",
      "provider": "provider[\"registry.terraform.io/hashicorp/random\"]",
      "instances": [
        {
          "schema_version": 0,
          "attributes": {
            "id": "8d86bff3-91bb-00f7-268a-6d0a34cbde17",
            "keepers": null,
            "result": "8d86bff3-91bb-00f7-268a-6d0a34cbde17"
          },
          "sensitive_attributes": []
        }
      ]
    }
  ],
  "check_results": null
}
